
Microsoft Visual Studio Solution File, Format Version 12.00
# Visual Studio 2013
VisualStudioVersion = 12.0.31101.0
MinimumVisualStudioVersion = 10.0.40219.1
Project("{FAE04EC0-301F-11D3-BF4B-00C04F79EFBC}") = "01.Persons", "Person\01.Persons.csproj", "{4BA67FB6-A971-40AA-9B6B-9471E69B17EF}"
EndProject
Project("{FAE04EC0-301F-11D3-BF4B-00C04F79EFBC}") = "02.LaptopShop", "02.LaptopShop\02.LaptopShop.csproj", "{BC0DB273-9325-49FB-A6AB-03605CC18565}"
EndProject
Project("{FAE04EC0-301F-11D3-BF4B-00C04F79EFBC}") = "03.PC_Catalog", "03.PC_Catalog\03.PC_Catalog.csproj", "{5C124E22-4D3A-44C3-8086-5799FB57F60D}"
EndProject
Project("{FAE04EC0-301F-11D3-BF4B-00C04F79EFBC}") = "04.SoftwareUniversityLearningSystem", "01.SoftwareUniversityLearningSystem\04.SoftwareUniversityLearningSystem.csproj", "{9DD11CC5-6DB3-46C0-BF54-71F8D0AE3B4F}"
EndProject
Global
	GlobalSection(SolutionConfigurationPlatforms) = preSolution
		Debug|Any CPU = Debug|Any CPU
		Release|Any CPU = Release|Any CPU
	EndGlobalSection
	GlobalSection(ProjectConfigurationPlatforms) = postSolution
		{4BA67FB6-A971-40AA-9B6B-9471E69B17EF}.Debug|Any CPU.ActiveCfg = Debug|Any CPU
		{4BA67FB6-A971-40AA-9B6B-9471E69B17EF}.Debug|Any CPU.Build.0 = Debug|Any CPU
		{4BA67FB6-A971-40AA-9B6B-9471E69B17EF}.Release|Any CPU.ActiveCfg = Release|Any CPU
		{4BA67FB6-A971-40AA-9B6B-9471E69B17EF}.Release|Any CPU.Build.0 = Release|Any CPU
		{BC0DB273-9325-49FB-A6AB-03605CC18565}.Debug|Any CPU.ActiveCfg = Debug|Any CPU
		{BC0DB273-9325-49FB-A6AB-03605CC18565}.Debug|Any CPU.Build.0 = Debug|Any CPU
		{BC0DB273-9325-49FB-A6AB-03605CC18565}.Release|Any CPU.ActiveCfg = Release|Any CPU
		{BC0DB273-9325-49FB-A6AB-03605CC18565}.Release|Any CPU.Build.0 = Release|Any CPU
		{5C124E22-4D3A-44C3-8086-5799FB57F60D}.Debug|Any CPU.ActiveCfg = Debug|Any CPU
		{5C124E22-4D3A-44C3-8086-5799FB57F60D}.Debug|Any CPU.Build.0 = Debug|Any CPU
		{5C124E22-4D3A-44C3-8086-5799FB57F60D}.Release|Any CPU.ActiveCfg = Release|Any CPU
		{5C124E22-4D3A-44C3-8086-5799FB57F60D}.Release|Any CPU.Build.0 = Release|Any CPU
		{9DD11CC5-6DB3-46C0-BF54-71F8D0AE3B4F}.Debug|Any CPU.ActiveCfg = Debug|Any CPU
		{9DD11CC5-6DB3-46C0-BF54-71F8D0AE3B4F}.Debug|Any CPU.Build.0 = Debug|Any CPU
		{9DD11CC5-6DB3-46C0-BF54-71F8D0AE3B4F}.Release|Any CPU.ActiveCfg = Release|Any CPU
		{9DD11CC5-6DB3-46C0-BF54-71F8D0AE3B4F}.Release|Any CPU.Build.0 = Release|Any CPU
	EndGlobalSection
	GlobalSection(SolutionProperties) = preSolution
		HideSolutionNode = FALSE
	EndGlobalSection
EndGlobal
